github.com/gorilla/websocket v1.4.2 h1:+/TMaTYc4QFitKJxsQ7Yye35DkWvkdLcvGKqM+x0Ufc=
github.com/gorilla/websocket v1.4.2/go.mod h1:YR8l580nyteQvAITg2hZ9XVh4b55+EU/adAjf1fMHhE=
github.com/kwf2030/commons v1.2.2 h1:yBmSOmgB0vGJcqOPXu1a0Kz3w4d+KIYIo9fdGBu+aIU=
github.com/kwf2030/commons v1.2.2/go.mod h1:bHtelk0wXlE9D5S5296Qr9D6socTOZ8xw9KCiVW9Ee4=
