github.com/gorilla/websocket v1.4.0 h1:WDFjx/TMzVgy9VdMMQi2K2Emtwi2QcUQsztZ/zLaH/Q=
github.com/gorilla/websocket v1.4.0/go.mod h1:E7qHFY5m1UJ88s3WnNqhKjPHQ0heANvMoAMk2YaljkQ=
github.com/kwf2030/commons v0.0.0-20190624061907-1f8cd9c10ea9 h1:6XEyB+j1MwVhj0Vsu4bM7ytD8AZlICKI8LK7N4a21mU=
github.com/kwf2030/commons v0.0.0-20190624061907-1f8cd9c10ea9/go.mod h1:G2aEEgqDDg+eUhA5XoEbfINyxorLxOJVBrN8EurWAS0=
